
Microsoft Visual Studio Solution File, Format Version 12.00
# Visual Studio Version 17
VisualStudioVersion = 17.9.34616.47
MinimumVisualStudioVersion = 10.0.40219.1
Project("{9A19103F-16F7-4668-BE54-9A1E7A4F7556}") = "Core.Persistence", "Core.Persistence\Core.Persistence.csproj", "{68B5A6FC-9534-4C26-8389-A233E09E0BF4}"
EndProject
Project("{FAE04EC0-301F-11D3-BF4B-00C04F79EFBC}") = "Core.Application", "Core.Application\Core.Application.csproj", "{EDF000C4-5225-443B-8D69-2ADAB18485F5}"
EndProject
Global
	GlobalSection(SolutionConfigurationPlatforms) = preSolution
		Debug|Any CPU = Debug|Any CPU
		Release|Any CPU = Release|Any CPU
	EndGlobalSection
	GlobalSection(ProjectConfigurationPlatforms) = postSolution
		{68B5A6FC-9534-4C26-8389-A233E09E0BF4}.Debug|Any CPU.ActiveCfg = Debug|Any CPU
		{68B5A6FC-9534-4C26-8389-A233E09E0BF4}.Debug|Any CPU.Build.0 = Debug|Any CPU
		{68B5A6FC-9534-4C26-8389-A233E09E0BF4}.Release|Any CPU.ActiveCfg = Release|Any CPU
		{68B5A6FC-9534-4C26-8389-A233E09E0BF4}.Release|Any CPU.Build.0 = Release|Any CPU
		{EDF000C4-5225-443B-8D69-2ADAB18485F5}.Debug|Any CPU.ActiveCfg = Debug|Any CPU
		{EDF000C4-5225-443B-8D69-2ADAB18485F5}.Debug|Any CPU.Build.0 = Debug|Any CPU
		{EDF000C4-5225-443B-8D69-2ADAB18485F5}.Release|Any CPU.ActiveCfg = Release|Any CPU
		{EDF000C4-5225-443B-8D69-2ADAB18485F5}.Release|Any CPU.Build.0 = Release|Any CPU
	EndGlobalSection
	GlobalSection(SolutionProperties) = preSolution
		HideSolutionNode = FALSE
	EndGlobalSection
	GlobalSection(ExtensibilityGlobals) = postSolution
		SolutionGuid = {6AEC0BC4-759E-4109-8FE1-95B3853681E1}
	EndGlobalSection
EndGlobal
